
Microsoft Visual Studio Solution File, Format Version 11.00
# Visual Studio 2010
Project("{FAE04EC0-301F-11D3-BF4B-00C04F79EFBC}") = "FreeCars", "FreeCars\FreeCars.csproj", "{A0B3E002-86E5-4DDB-94D7-92189F0CB54D}"
EndProject
Global
	GlobalSection(SolutionConfigurationPlatforms) = preSolution
		Debug|Any CPU = Debug|Any CPU
		Release|Any CPU = Release|Any CPU
	EndGlobalSection
	GlobalSection(ProjectConfigurationPlatforms) = postSolution
		{A0B3E002-86E5-4DDB-94D7-92189F0CB54D}.Debug|Any CPU.ActiveCfg = Debug|Any CPU
		{A0B3E002-86E5-4DDB-94D7-92189F0CB54D}.Debug|Any CPU.Build.0 = Debug|Any CPU
		{A0B3E002-86E5-4DDB-94D7-92189F0CB54D}.Debug|Any CPU.Deploy.0 = Debug|Any CPU
		{A0B3E002-86E5-4DDB-94D7-92189F0CB54D}.Release|Any CPU.ActiveCfg = Release|Any CPU
		{A0B3E002-86E5-4DDB-94D7-92189F0CB54D}.Release|Any CPU.Build.0 = Release|Any CPU
		{A0B3E002-86E5-4DDB-94D7-92189F0CB54D}.Release|Any CPU.Deploy.0 = Release|Any CPU
	EndGlobalSection
	GlobalSection(SolutionProperties) = preSolution
		HideSolutionNode = FALSE
	EndGlobalSection
EndGlobal
